
Microsoft Visual Studio Solution File, Format Version 12.00
# Visual Studio Version 16
VisualStudioVersion = 16.0.31702.278
MinimumVisualStudioVersion = 10.0.40219.1
Project("{8BC9CEB8-8B4A-11D0-8D11-00A0C91BC942}") = "textedit", "textedit\textedit.vcxproj", "{818945AC-C2AF-48EE-8713-62781A0E7946}"
EndProject
Global
	GlobalSection(SolutionConfigurationPlatforms) = preSolution
		Debug|x64 = Debug|x64
		Release|x64 = Release|x64
	EndGlobalSection
	GlobalSection(ProjectConfigurationPlatforms) = postSolution
		{818945AC-C2AF-48EE-8713-62781A0E7946}.Debug|x64.ActiveCfg = Debug|x64
		{818945AC-C2AF-48EE-8713-62781A0E7946}.Debug|x64.Build.0 = Debug|x64
		{818945AC-C2AF-48EE-8713-62781A0E7946}.Release|x64.ActiveCfg = Release|x64
		{818945AC-C2AF-48EE-8713-62781A0E7946}.Release|x64.Build.0 = Release|x64
	EndGlobalSection
	GlobalSection(SolutionProperties) = preSolution
		HideSolutionNode = FALSE
	EndGlobalSection
	GlobalSection(ExtensibilityGlobals) = postSolution
		SolutionGuid = {8998A668-D8DA-4A97-AF02-FC8F3FFC69B1}
	EndGlobalSection
EndGlobal
